// !$*UTF8*$!
{
	archiveVersion = 1;
	classes = {
	};
	objectVersion = 46;
	objects = {

/* Begin PBXBuildFile section */
		0F72116419EC9B2A0032CE43 /* AppDelegate.swift in Sources */ = {isa = PBXBuildFile; fileRef = 0F72116319EC9B2A0032CE43 /* AppDelegate.swift */; };
		0F72116619EC9B2A0032CE43 /* ViewController.swift in Sources */ = {isa = PBXBuildFile; fileRef = 0F72116519EC9B2A0032CE43 /* ViewController.swift */; };
		0F72116919EC9B2A0032CE43 /* Main.storyboard in Resources */ = {isa = PBXBuildFile; fileRef = 0F72116719EC9B2A0032CE43 /* Main.storyboard */; };
		0F72116B19EC9B2A0032CE43 /* Images.xcassets in Resources */ = {isa = PBXBuildFile; fileRef = 0F72116A19EC9B2A0032CE43 /* Images.xcassets */; };
		0F72116E19EC9B2A0032CE43 /* LaunchScreen.xib in Resources */ = {isa = PBXBuildFile; fileRef = 0F72116C19EC9B2A0032CE43 /* LaunchScreen.xib */; };
		0F72117A19EC9B2A0032CE43 /* TipCalculatorTests.swift in Sources */ = {isa = PBXBuildFile; fileRef = 0F72117919EC9B2A0032CE43 /* TipCalculatorTests.swift */; };
/* End PBXBuildFile section */

/* Begin PBXContainerItemProxy section */
		0F72117419EC9B2A0032CE43 /* PBXContainerItemProxy */ = {
			isa = PBXContainerItemProxy;
			containerPortal = 0F72115619EC9B2A0032CE43 /* Project object */;
			proxyType = 1;
			remoteGlobalIDString = 0F72115D19EC9B2A0032CE43;
			remoteInfo = TipCalculator;
		};
/* End PBXContainerItemProxy section */

/* Begin PBXFileReference section */
		0F72115E19EC9B2A0032CE43 /* TipCalculator.app */ = {isa = PBXFileReference; explicitFileType = wrapper.application; includeInIndex = 0; path = TipCalculator.app; sourceTree = BUILT_PRODUCTS_DIR; };
		0F72116219EC9B2A0032CE43 /* Info.plist */ = {isa = PBXFileReference; lastKnownFileType = text.plist.xml; path = Info.plist; sourceTree = "<group>"; };
		0F72116319EC9B2A0032CE43 /* AppDelegate.swift */ = {isa = PBXFileReference; lastKnownFileType = sourcecode.swift; path = AppDelegate.swift; sourceTree = "<group>"; };
		0F72116519EC9B2A0032CE43 /* ViewController.swift */ = {isa = PBXFileReference; lastKnownFileType = sourcecode.swift; path = ViewController.swift; sourceTree = "<group>"; };
		0F72116819EC9B2A0032CE43 /* Base */ = {isa = PBXFileReference; lastKnownFileType = file.storyboard; name = Base; path = Base.lproj/Main.storyboard; sourceTree = "<group>"; };
		0F72116A19EC9B2A0032CE43 /* Images.xcassets */ = {isa = PBXFileReference; lastKnownFileType = folder.assetcatalog; path = Images.xcassets; sourceTree = "<group>"; };
		0F72116D19EC9B2A0032CE43 /* Base */ = {isa = PBXFileReference; lastKnownFileType = file.xib; name = Base; path = Base.lproj/LaunchScreen.xib; sourceTree = "<group>"; };
		0F72117319EC9B2A0032CE43 /* TipCalculatorTests.xctest */ = {isa = PBXFileReference; explicitFileType = wrapper.cfbundle; includeInIndex = 0; path = TipCalculatorTests.xctest; sourceTree = BUILT_PRODUCTS_DIR; };
		0F72117819EC9B2A0032CE43 /* Info.plist */ = {isa = PBXFileReference; lastKnownFileType = text.plist.xml; path = Info.plist; sourceTree = "<group>"; };
		0F72117919EC9B2A0032CE43 /* TipCalculatorTests.swift */ = {isa = PBXFileReference; lastKnownFileType = sourcecode.swift; path = TipCalculatorTests.swift; sourceTree = "<group>"; };
/* End PBXFileReference section */

/* Begin PBXFrameworksBuildPhase section */
		0F72115B19EC9B2A0032CE43 /* Frameworks */ = {
			isa = PBXFrameworksBuildPhase;
			buildActionMask = 2147483647;
			files = (
			);
			runOnlyForDeploymentPostprocessing = 0;
		};
		0F72117019EC9B2A0032CE43 /* Frameworks */ = {
			isa = PBXFrameworksBuildPhase;
			buildActionMask = 2147483647;
			files = (
			);
			runOnlyForDeploymentPostprocessing = 0;
		};
/* End PBXFrameworksBuildPhase section */

/* Begin PBXGroup section */
		0F72115519EC9B2A0032CE43 = {
			isa = PBXGroup;
			children = (
				0F72116019EC9B2A0032CE43 /* TipCalculator */,
				0F72117619EC9B2A0032CE43 /* TipCalculatorTests */,
				0F72115F19EC9B2A0032CE43 /* Products */,
			);
			sourceTree = "<group>";
		};
		0F72115F19EC9B2A0032CE43 /* Products */ = {
			isa = PBXGroup;
			children = (
				0F72115E19EC9B2A0032CE43 /* TipCalculator.app */,
				0F72117319EC9B2A0032CE43 /* TipCalculatorTests.xctest */,
			);
			name = Products;
			sourceTree = "<group>";
		};
		0F72116019EC9B2A0032CE43 /* TipCalculator */ = {
			isa = PBXGroup;
			children = (
				0F72116319EC9B2A0032CE43 /* AppDelegate.swift */,
				0F72116519EC9B2A0032CE43 /* ViewController.swift */,
				0F72116719EC9B2A0032CE43 /* Main.storyboard */,
				0F72116A19EC9B2A0032CE43 /* Images.xcassets */,
				0F72116C19EC9B2A0032CE43 /* LaunchScreen.xib */,
				0F72116119EC9B2A0032CE43 /* Supporting Files */,
			);
			path = TipCalculator;
			sourceTree = "<group>";
		};
		0F72116119EC9B2A0032CE43 /* Supporting Files */ = {
			isa = PBXGroup;
			children = (
				0F72116219EC9B2A0032CE43 /* Info.plist */,
			);
			name = "Supporting Files";
			sourceTree = "<group>";
		};
		0F72117619EC9B2A0032CE43 /* TipCalculatorTests */ = {
			isa = PBXGroup;
			children = (
				0F72117919EC9B2A0032CE43 /* TipCalculatorTests.swift */,
				0F72117719EC9B2A0032CE43 /* Supporting Files */,
			);
			path = TipCalculatorTests;
			sourceTree = "<group>";
		};
		0F72117719EC9B2A0032CE43 /* Supporting Files */ = {
			isa = PBXGroup;
			children = (
				0F72117819EC9B2A0032CE43 /* Info.plist */,
			);
			name = "Supporting Files";
			sourceTree = "<group>";
		};
/* End PBXGroup section */

/* Begin PBXNativeTarget section */
		0F72115D19EC9B2A0032CE43 /* TipCalculator */ = {
			isa = PBXNativeTarget;
			buildConfigurationList = 0F72117D19EC9B2A0032CE43 /* Build configuration list for PBXNativeTarget "TipCalculator" */;
			buildPhases = (
				0F72115A19EC9B2A0032CE43 /* Sources */,
				0F72115B19EC9B2A0032CE43 /* Frameworks */,
				0F72115C19EC9B2A0032CE43 /* Resources */,
			);
			buildRules = (
			);
			dependencies = (
			);
			name = TipCalculator;
			productName = TipCalculator;
			productReference = 0F72115E19EC9B2A0032CE43 /* TipCalculator.app */;
			productType = "com.apple.product-type.application";
		};
		0F72117219EC9B2A0032CE43 /* TipCalculatorTests */ = {
			isa = PBXNativeTarget;
			buildConfigurationList = 0F72118019EC9B2A0032CE43 /* Build configuration list for PBXNativeTarget "TipCalculatorTests" */;
			buildPhases = (
				0F72116F19EC9B2A0032CE43 /* Sources */,
				0F72117019EC9B2A0032CE43 /* Frameworks */,
				0F72117119EC9B2A0032CE43 /* Resources */,
			);
			buildRules = (
			);
			dependencies = (
				0F72117519EC9B2A0032CE43 /* PBXTargetDependency */,
			);
			name = TipCalculatorTests;
			productName = TipCalculatorTests;
			productReference = 0F72117319EC9B2A0032CE43 /* TipCalculatorTests.xctest */;
			productType = "com.apple.product-type.bundle.unit-test";
		};
/* End PBXNativeTarget section */

/* Begin PBXProject section */
		0F72115619EC9B2A0032CE43 /* Project object */ = {
			isa = PBXProject;
			attributes = {
				LastUpgradeCheck = 0600;
				ORGANIZATIONNAME = GA;
				TargetAttributes = {
					0F72115D19EC9B2A0032CE43 = {
						CreatedOnToolsVersion = 6.0.1;
					};
					0F72117219EC9B2A0032CE43 = {
						CreatedOnToolsVersion = 6.0.1;
						TestTargetID = 0F72115D19EC9B2A0032CE43;
					};
				};
			};
			buildConfigurationList = 0F72115919EC9B2A0032CE43 /* Build configuration list for PBXProject "TipCalculator" */;
			compatibilityVersion = "Xcode 3.2";
			developmentRegion = English;
			hasScannedForEncodings = 0;
			knownRegions = (
				en,
				Base,
			);
			mainGroup = 0F72115519EC9B2A0032CE43;
			productRefGroup = 0F72115F19EC9B2A0032CE43 /* Products */;
			projectDirPath = "";
			projectRoot = "";
			targets = (
				0F72115D19EC9B2A0032CE43 /* TipCalculator */,
				0F72117219EC9B2A0032CE43 /* TipCalculatorTests */,
			);
		};
/* End PBXProject section */

/* Begin PBXResourcesBuildPhase section */
		0F72115C19EC9B2A0032CE43 /* Resources */ = {
			isa = PBXResourcesBuildPhase;
			buildActionMask = 2147483647;
			files = (
				0F72116919EC9B2A0032CE43 /* Main.storyboard in Resources */,
				0F72116E19EC9B2A0032CE43 /* LaunchScreen.xib in Resources */,
				0F72116B19EC9B2A0032CE43 /* Images.xcassets in Resources */,
			);
			runOnlyForDeploymentPostprocessing = 0;
		};
		0F72117119EC9B2A0032CE43 /* Resources */ = {
			isa = PBXResourcesBuildPhase;
			buildActionMask = 2147483647;
			files = (
			);
			runOnlyForDeploymentPostprocessing = 0;
		};
/* End PBXResourcesBuildPhase section */

/* Begin PBXSourcesBuildPhase section */
		0F72115A19EC9B2A0032CE43 /* Sources */ = {
			isa = PBXSourcesBuildPhase;
			buildActionMask = 2147483647;
			files = (
				0F72116619EC9B2A0032CE43 /* ViewController.swift in Sources */,
				0F72116419EC9B2A0032CE43 /* AppDelegate.swift in Sources */,
			);
			runOnlyForDeploymentPostprocessing = 0;
		};
		0F72116F19EC9B2A0032CE43 /* Sources */ = {
			isa = PBXSourcesBuildPhase;
			buildActionMask = 2147483647;
			files = (
				0F72117A19EC9B2A0032CE43 /* TipCalculatorTests.swift in Sources */,
			);
			runOnlyForDeploymentPostprocessing = 0;
		};
/* End PBXSourcesBuildPhase section */

/* Begin PBXTargetDependency section */
		0F72117519EC9B2A0032CE43 /* PBXTargetDependency */ = {
			isa = PBXTargetDependency;
			target = 0F72115D19EC9B2A0032CE43 /* TipCalculator */;
			targetProxy = 0F72117419EC9B2A0032CE43 /* PBXContainerItemProxy */;
		};
/* End PBXTargetDependency section */

/* Begin PBXVariantGroup section */
		0F72116719EC9B2A0032CE43 /* Main.storyboard */ = {
			isa = PBXVariantGroup;
			children = (
				0F72116819EC9B2A0032CE43 /* Base */,
			);
			name = Main.storyboard;
			sourceTree = "<group>";
		};
		0F72116C19EC9B2A0032CE43 /* LaunchScreen.xib */ = {
			isa = PBXVariantGroup;
			children = (
				0F72116D19EC9B2A0032CE43 /* Base */,
			);
			name = LaunchScreen.xib;
			sourceTree = "<group>";
		};
/* End PBXVariantGroup section */

/* Begin XCBuildConfiguration section */
		0F72117B19EC9B2A0032CE43 /* Debug */ = {
			isa = XCBuildConfiguration;
			buildSettings = {
				ALWAYS_SEARCH_USER_PATHS = NO;
				CLANG_CXX_LANGUAGE_STANDARD = "gnu++0x";
				CLANG_CXX_LIBRARY = "libc++";
				CLANG_ENABLE_MODULES = YES;
				CLANG_ENABLE_OBJC_ARC = YES;
				CLANG_WARN_BOOL_CONVERSION = YES;
				CLANG_WARN_CONSTANT_CONVERSION = YES;
				CLANG_WARN_DIRECT_OBJC_ISA_USAGE = YES_ERROR;
				CLANG_WARN_EMPTY_BODY = YES;
				CLANG_WARN_ENUM_CONVERSION = YES;
				CLANG_WARN_INT_CONVERSION = YES;
				CLANG_WARN_OBJC_ROOT_CLASS = YES_ERROR;
				CLANG_WARN_UNREACHABLE_CODE = YES;
				CLANG_WARN__DUPLICATE_METHOD_MATCH = YES;
				"CODE_SIGN_IDENTITY[sdk=iphoneos*]" = "iPhone Developer";
				COPY_PHASE_STRIP = NO;
				ENABLE_STRICT_OBJC_MSGSEND = YES;
				GCC_C_LANGUAGE_STANDARD = gnu99;
				GCC_DYNAMIC_NO_PIC = NO;
				GCC_OPTIMIZATION_LEVEL = 0;
				GCC_PREPROCESSOR_DEFINITIONS = (
					"DEBUG=1",
					"$(inherited)",
				);
				GCC_SYMBOLS_PRIVATE_EXTERN = NO;
				GCC_WARN_64_TO_32_BIT_CONVERSION = YES;
				GCC_WARN_ABOUT_RETURN_TYPE = YES_ERROR;
				GCC_WARN_UNDECLARED_SELECTOR = YES;
				GCC_WARN_UNINITIALIZED_AUTOS = YES_AGGRESSIVE;
				GCC_WARN_UNUSED_FUNCTION = YES;
				GCC_WARN_UNUSED_VARIABLE = YES;
				IPHONEOS_DEPLOYMENT_TARGET = 8.0;
				MTL_ENABLE_DEBUG_INFO = YES;
				ONLY_ACTIVE_ARCH = YES;
				SDKROOT = iphoneos;
				SWIFT_OPTIMIZATION_LEVEL = "-Onone";
				TARGETED_DEVICE_FAMILY = "1,2";
			};
			name = Debug;
		};
		0F72117C19EC9B2A0032CE43 /* Release */ = {
			isa = XCBuildConfiguration;
			buildSettings = {
				ALWAYS_SEARCH_USER_PATHS = NO;
				CLANG_CXX_LANGUAGE_STANDARD = "gnu++0x";
				CLANG_CXX_LIBRARY = "libc++";
				CLANG_ENABLE_MODULES = YES;
				CLANG_ENABLE_OBJC_ARC = YES;
				CLANG_WARN_BOOL_CONVERSION = YES;
				CLANG_WARN_CONSTANT_CONVERSION = YES;
				CLANG_WARN_DIRECT_OBJC_ISA_USAGE = YES_ERROR;
				CLANG_WARN_EMPTY_BODY = YES;
				CLANG_WARN_ENUM_CONVERSION = YES;
				CLANG_WARN_INT_CONVERSION = YES;
				CLANG_WARN_OBJC_ROOT_CLASS = YES_ERROR;
				CLANG_WARN_UNREACHABLE_CODE = YES;
				CLANG_WARN__DUPLICATE_METHOD_MATCH = YES;
				"CODE_SIGN_IDENTITY[sdk=iphoneos*]" = "iPhone Developer";
				COPY_PHASE_STRIP = YES;
				ENABLE_NS_ASSERTIONS = NO;
				ENABLE_STRICT_OBJC_MSGSEND = YES;
				GCC_C_LANGUAGE_STANDARD = gnu99;
				GCC_WARN_64_TO_32_BIT_CONVERSION = YES;
				GCC_WARN_ABOUT_RETURN_TYPE = YES_ERROR;
				GCC_WARN_UNDECLARED_SELECTOR = YES;
				GCC_WARN_UNINITIALIZED_AUTOS = YES_AGGRESSIVE;
				GCC_WARN_UNUSED_FUNCTION = YES;
				GCC_WARN_UNUSED_VARIABLE = YES;
				IPHONEOS_DEPLOYMENT_TARGET = 8.0;
				MTL_ENABLE_DEBUG_INFO = NO;
				SDKROOT = iphoneos;
				TARGETED_DEVICE_FAMILY = "1,2";
				VALIDATE_PRODUCT = YES;
			};
			name = Release;
		};
		0F72117E19EC9B2A0032CE43 /* Debug */ = {
			isa = XCBuildConfiguration;
			buildSettings = {
				ASSETCATALOG_COMPILER_APPICON_NAME = AppIcon;
				INFOPLIST_FILE = TipCalculator/Info.plist;
				LD_RUNPATH_SEARCH_PATHS = "$(inherited) @executable_path/Frameworks";
				PRODUCT_NAME = "$(TARGET_NAME)";
			};
			name = Debug;
		};
		0F72117F19EC9B2A0032CE43 /* Release */ = {
			isa = XCBuildConfiguration;
			buildSettings = {
				ASSETCATALOG_COMPILER_APPICON_NAME = AppIcon;
				INFOPLIST_FILE = TipCalculator/Info.plist;
				LD_RUNPATH_SEARCH_PATHS = "$(inherited) @executable_path/Frameworks";
				PRODUCT_NAME = "$(TARGET_NAME)";
			};
			name = Release;
		};
		0F72118119EC9B2A0032CE43 /* Debug */ = {
			isa = XCBuildConfiguration;
			buildSettings = {
				BUNDLE_LOADER = "$(TEST_HOST)";
				FRAMEWORK_SEARCH_PATHS = (
					"$(SDKROOT)/Developer/Library/Frameworks",
					"$(inherited)",
				);
				GCC_PREPROCESSOR_DEFINITIONS = (
					"DEBUG=1",
					"$(inherited)",
				);
				INFOPLIST_FILE = TipCalculatorTests/Info.plist;
				LD_RUNPATH_SEARCH_PATHS = "$(inherited) @executable_path/Frameworks @loader_path/Frameworks";
				PRODUCT_NAME = "$(TARGET_NAME)";
				TEST_HOST = "$(BUILT_PRODUCTS_DIR)/TipCalculator.app/TipCalculator";
			};
			name = Debug;
		};
		0F72118219EC9B2A0032CE43 /* Release */ = {
			isa = XCBuildConfiguration;
			buildSettings = {
				BUNDLE_LOADER = "$(TEST_HOST)";
				FRAMEWORK_SEARCH_PATHS = (
					"$(SDKROOT)/Developer/Library/Frameworks",
					"$(inherited)",
				);
				INFOPLIST_FILE = TipCalculatorTests/Info.plist;
				LD_RUNPATH_SEARCH_PATHS = "$(inherited) @executable_path/Frameworks @loader_path/Frameworks";
				PRODUCT_NAME = "$(TARGET_NAME)";
				TEST_HOST = "$(BUILT_PRODUCTS_DIR)/TipCalculator.app/TipCalculator";
			};
			name = Release;
		};
/* End XCBuildConfiguration section */

/* Begin XCConfigurationList section */
		0F72115919EC9B2A0032CE43 /* Build configuration list for PBXProject "TipCalculator" */ = {
			isa = XCConfigurationList;
			buildConfigurations = (
				0F72117B19EC9B2A0032CE43 /* Debug */,
				0F72117C19EC9B2A0032CE43 /* Release */,
			);
			defaultConfigurationIsVisible = 0;
			defaultConfigurationName = Release;
		};
		0F72117D19EC9B2A0032CE43 /* Build configuration list for PBXNativeTarget "TipCalculator" */ = {
			isa = XCConfigurationList;
			buildConfigurations = (
				0F72117E19EC9B2A0032CE43 /* Debug */,
				0F72117F19EC9B2A0032CE43 /* Release */,
			);
			defaultConfigurationIsVisible = 0;
			defaultConfigurationName = Release;
		};
		0F72118019EC9B2A0032CE43 /* Build configuration list for PBXNativeTarget "TipCalculatorTests" */ = {
			isa = XCConfigurationList;
			buildConfigurations = (
				0F72118119EC9B2A0032CE43 /* Debug */,
				0F72118219EC9B2A0032CE43 /* Release */,
			);
			defaultConfigurationIsVisible = 0;
			defaultConfigurationName = Release;
		};
/* End XCConfigurationList section */
	};
	rootObject = 0F72115619EC9B2A0032CE43 /* Project object */;
}
